
Microsoft Visual Studio Solution File, Format Version 12.00
# Visual Studio Version 16
VisualStudioVersion = 16.0.30907.101
MinimumVisualStudioVersion = 10.0.40219.1
Project("{FAE04EC0-301F-11D3-BF4B-00C04F79EFBC}") = "Editortext", "Editortext.csproj", "{72D5FA6E-8659-4567-B055-B8BF8E1253D5}"
EndProject
Global
	GlobalSection(SolutionConfigurationPlatforms) = preSolution
		Debug|Any CPU = Debug|Any CPU
		Release|Any CPU = Release|Any CPU
	EndGlobalSection
	GlobalSection(ProjectConfigurationPlatforms) = postSolution
		{72D5FA6E-8659-4567-B055-B8BF8E1253D5}.Debug|Any CPU.ActiveCfg = Debug|Any CPU
		{72D5FA6E-8659-4567-B055-B8BF8E1253D5}.Debug|Any CPU.Build.0 = Debug|Any CPU
		{72D5FA6E-8659-4567-B055-B8BF8E1253D5}.Release|Any CPU.ActiveCfg = Release|Any CPU
		{72D5FA6E-8659-4567-B055-B8BF8E1253D5}.Release|Any CPU.Build.0 = Release|Any CPU
	EndGlobalSection
	GlobalSection(SolutionProperties) = preSolution
		HideSolutionNode = FALSE
	EndGlobalSection
	GlobalSection(ExtensibilityGlobals) = postSolution
		SolutionGuid = {1191D9BC-C4A0-4BBC-9366-11B1077E77D6}
	EndGlobalSection
EndGlobal
